PODS:
  - AdColony (3.1.1)
  - AppLovin (3.5.2)
  - ChartboostSDK (6.6.2)
  - FBAudienceNetwork (4.22.0)
  - Google-Mobile-Ads-SDK (7.19.1)
  - Heyzap (9.10.0)
  - HyprMX (68)
  - HZInMobi (5.3.1)
  - Leadbolt (7.0)
  - UnityAds (2.1.0)
  - VungleSDK-iOS (4.0.9)

DEPENDENCIES:
  - AdColony
  - AppLovin
  - ChartboostSDK
  - FBAudienceNetwork
  - Google-Mobile-Ads-SDK
  - Heyzap
  - HyprMX
  - HZInMobi
  - Leadbolt
  - UnityAds (>= 2.1.0)
  - VungleSDK-iOS

SPEC CHECKSUMS:
  AdColony: 27bcddd3d79b24f61765dd799fcc666975f90daa
  AppLovin: 4cea9335d7ae0ad8ca4618cc93bb10a2095e36a3
  ChartboostSDK: 9248a129d363432b43eee0a18454dcf6f46f8d9d
  FBAudienceNetwork: ae4d8cf171115fda0395c2016abb2e38e7369784
  Google-Mobile-Ads-SDK: 43ac87810e4961f5093024d3525bfe022f956da3
  Heyzap: da720ada24c379b2117fe58a832fe15791c7979d
  HyprMX: 626dcce6c83a9856abeeef644542bc2cd058770e
  HZInMobi: 9763586e3d82d5f8c9ba38a69d229c9812a98047
  Leadbolt: 72aff2b1f4d149e2f5d6e22812afd80c7199a111
  UnityAds: 99645a5b7011c96d1e9204f8540ce66ea1b7dfb4
  VungleSDK-iOS: 053446955ef1fa777fd699b6bea6635cac604524

PODFILE CHECKSUM: 825d42f02ccfc109d27afbe5538aa0253aacdf7d

COCOAPODS: 1.2.0
